
Microsoft Visual Studio Solution File, Format Version 12.00
# Visual Studio Version 16
VisualStudioVersion = 16.0.32126.315
MinimumVisualStudioVersion = 10.0.40219.1
Project("{FAE04EC0-301F-11D3-BF4B-00C04F79EFBC}") = "ProjectAkhir_Kel06", "ProjectAkhir_Kel06\ProjectAkhir_Kel06.csproj", "{37921355-3E06-48AB-B6E8-E383000F91EB}"
EndProject
Global
	GlobalSection(SolutionConfigurationPlatforms) = preSolution
		Debug|Any CPU = Debug|Any CPU
		Release|Any CPU = Release|Any CPU
	EndGlobalSection
	GlobalSection(ProjectConfigurationPlatforms) = postSolution
		{37921355-3E06-48AB-B6E8-E383000F91EB}.Debug|Any CPU.ActiveCfg = Debug|Any CPU
		{37921355-3E06-48AB-B6E8-E383000F91EB}.Debug|Any CPU.Build.0 = Debug|Any CPU
		{37921355-3E06-48AB-B6E8-E383000F91EB}.Release|Any CPU.ActiveCfg = Release|Any CPU
		{37921355-3E06-48AB-B6E8-E383000F91EB}.Release|Any CPU.Build.0 = Release|Any CPU
	EndGlobalSection
	GlobalSection(SolutionProperties) = preSolution
		HideSolutionNode = FALSE
	EndGlobalSection
	GlobalSection(ExtensibilityGlobals) = postSolution
		SolutionGuid = {D64DF0EF-8F1B-4621-8951-984413E077BD}
	EndGlobalSection
EndGlobal
